
Microsoft Visual Studio Solution File, Format Version 12.00
# Visual Studio Version 16
VisualStudioVersion = 16.0.31729.503
MinimumVisualStudioVersion = 10.0.40219.1
Project("{FAE04EC0-301F-11D3-BF4B-00C04F79EFBC}") = "YP22", "YP22\YP22.csproj", "{71D8253E-EAF9-4457-BFFE-08B50C9CB73B}"
EndProject
Global
	GlobalSection(SolutionConfigurationPlatforms) = preSolution
		Debug|Any CPU = Debug|Any CPU
		Release|Any CPU = Release|Any CPU
	EndGlobalSection
	GlobalSection(ProjectConfigurationPlatforms) = postSolution
		{71D8253E-EAF9-4457-BFFE-08B50C9CB73B}.Debug|Any CPU.ActiveCfg = Debug|Any CPU
		{71D8253E-EAF9-4457-BFFE-08B50C9CB73B}.Debug|Any CPU.Build.0 = Debug|Any CPU
		{71D8253E-EAF9-4457-BFFE-08B50C9CB73B}.Release|Any CPU.ActiveCfg = Release|Any CPU
		{71D8253E-EAF9-4457-BFFE-08B50C9CB73B}.Release|Any CPU.Build.0 = Release|Any CPU
	EndGlobalSection
	GlobalSection(SolutionProperties) = preSolution
		HideSolutionNode = FALSE
	EndGlobalSection
	GlobalSection(ExtensibilityGlobals) = postSolution
		SolutionGuid = {394CC405-1E9B-4E7F-86DC-E088DE120DA5}
	EndGlobalSection
EndGlobal
